// !$*UTF8*$!
{
	archiveVersion = 1;
	classes = {
	};
	objectVersion = 50;
	objects = {

/* Begin PBXBuildFile section */
		44728A58A38763E37F817B92 /* Pods_FacebookLoginDemo.framework in Frameworks */ = {isa = PBXBuildFile; fileRef = 2E25F2B3FE327412499BC83F /* Pods_FacebookLoginDemo.framework */; };
		F4A2CF9C211FE9C0000B244A /* AppDelegate.swift in Sources */ = {isa = PBXBuildFile; fileRef = F4A2CF9B211FE9C0000B244A /* AppDelegate.swift */; };
		F4A2CF9E211FE9C0000B244A /* ViewController.swift in Sources */ = {isa = PBXBuildFile; fileRef = F4A2CF9D211FE9C0000B244A /* ViewController.swift */; };
		F4A2CFA1211FE9C0000B244A /* Main.storyboard in Resources */ = {isa = PBXBuildFile; fileRef = F4A2CF9F211FE9C0000B244A /* Main.storyboard */; };
		F4A2CFA3211FE9C1000B244A /* Assets.xcassets in Resources */ = {isa = PBXBuildFile; fileRef = F4A2CFA2211FE9C1000B244A /* Assets.xcassets */; };
		F4A2CFA6211FE9C1000B244A /* LaunchScreen.storyboard in Resources */ = {isa = PBXBuildFile; fileRef = F4A2CFA4211FE9C1000B244A /* LaunchScreen.storyboard */; };
/* End PBXBuildFile section */

/* Begin PBXFileReference section */
		2E25F2B3FE327412499BC83F /* Pods_FacebookLoginDemo.framework */ = {isa = PBXFileReference; explicitFileType = wrapper.framework; includeInIndex = 0; path = Pods_FacebookLoginDemo.framework; sourceTree = BUILT_PRODUCTS_DIR; };
		A3EE416BAD9BA7FF3529C018 /* Pods-FacebookLoginDemo.release.xcconfig */ = {isa = PBXFileReference; includeInIndex = 1; lastKnownFileType = text.xcconfig; name = "Pods-FacebookLoginDemo.release.xcconfig"; path = "Pods/Target Support Files/Pods-FacebookLoginDemo/Pods-FacebookLoginDemo.release.xcconfig"; sourceTree = "<group>"; };
		F4A2CF98211FE9C0000B244A /* FacebookLoginDemo.app */ = {isa = PBXFileReference; explicitFileType = wrapper.application; includeInIndex = 0; path = FacebookLoginDemo.app; sourceTree = BUILT_PRODUCTS_DIR; };
		F4A2CF9B211FE9C0000B244A /* AppDelegate.swift */ = {isa = PBXFileReference; lastKnownFileType = sourcecode.swift; path = AppDelegate.swift; sourceTree = "<group>"; };
		F4A2CF9D211FE9C0000B244A /* ViewController.swift */ = {isa = PBXFileReference; lastKnownFileType = sourcecode.swift; path = ViewController.swift; sourceTree = "<group>"; };
		F4A2CFA0211FE9C0000B244A /* Base */ = {isa = PBXFileReference; lastKnownFileType = file.storyboard; name = Base; path = Base.lproj/Main.storyboard; sourceTree = "<group>"; };
		F4A2CFA2211FE9C1000B244A /* Assets.xcassets */ = {isa = PBXFileReference; lastKnownFileType = folder.assetcatalog; path = Assets.xcassets; sourceTree = "<group>"; };
		F4A2CFA5211FE9C1000B244A /* Base */ = {isa = PBXFileReference; lastKnownFileType = file.storyboard; name = Base; path = Base.lproj/LaunchScreen.storyboard; sourceTree = "<group>"; };
		F4A2CFA7211FE9C1000B244A /* Info.plist */ = {isa = PBXFileReference; lastKnownFileType = text.plist.xml; path = Info.plist; sourceTree = "<group>"; };
		FC0A365BB10D5C8F0948BBE7 /* Pods-FacebookLoginDemo.debug.xcconfig */ = {isa = PBXFileReference; includeInIndex = 1; lastKnownFileType = text.xcconfig; name = "Pods-FacebookLoginDemo.debug.xcconfig"; path = "Pods/Target Support Files/Pods-FacebookLoginDemo/Pods-FacebookLoginDemo.debug.xcconfig"; sourceTree = "<group>"; };
/* End PBXFileReference section */

/* Begin PBXFrameworksBuildPhase section */
		F4A2CF95211FE9C0000B244A /* Frameworks */ = {
			isa = PBXFrameworksBuildPhase;
			buildActionMask = 2147483647;
			files = (
				44728A58A38763E37F817B92 /* Pods_FacebookLoginDemo.framework in Frameworks */,
			);
			runOnlyForDeploymentPostprocessing = 0;
		};
/* End PBXFrameworksBuildPhase section */

/* Begin PBXGroup section */
		2674A7FD89B58353D32F4EE6 /* Pods */ = {
			isa = PBXGroup;
			children = (
				FC0A365BB10D5C8F0948BBE7 /* Pods-FacebookLoginDemo.debug.xcconfig */,
				A3EE416BAD9BA7FF3529C018 /* Pods-FacebookLoginDemo.release.xcconfig */,
			);
			name = Pods;
			sourceTree = "<group>";
		};
		84DEF35271F6982AC470C692 /* Frameworks */ = {
			isa = PBXGroup;
			children = (
				2E25F2B3FE327412499BC83F /* Pods_FacebookLoginDemo.framework */,
			);
			name = Frameworks;
			sourceTree = "<group>";
		};
		F4A2CF8F211FE9C0000B244A = {
			isa = PBXGroup;
			children = (
				F4A2CF9A211FE9C0000B244A /* FacebookLoginDemo */,
				F4A2CF99211FE9C0000B244A /* Products */,
				2674A7FD89B58353D32F4EE6 /* Pods */,
				84DEF35271F6982AC470C692 /* Frameworks */,
			);
			sourceTree = "<group>";
		};
		F4A2CF99211FE9C0000B244A /* Products */ = {
			isa = PBXGroup;
			children = (
				F4A2CF98211FE9C0000B244A /* FacebookLoginDemo.app */,
			);
			name = Products;
			sourceTree = "<group>";
		};
		F4A2CF9A211FE9C0000B244A /* FacebookLoginDemo */ = {
			isa = PBXGroup;
			children = (
				F4A2CF9B211FE9C0000B244A /* AppDelegate.swift */,
				F4A2CF9D211FE9C0000B244A /* ViewController.swift */,
				F4A2CF9F211FE9C0000B244A /* Main.storyboard */,
				F4A2CFA2211FE9C1000B244A /* Assets.xcassets */,
				F4A2CFA4211FE9C1000B244A /* LaunchScreen.storyboard */,
				F4A2CFA7211FE9C1000B244A /* Info.plist */,
			);
			path = FacebookLoginDemo;
			sourceTree = "<group>";
		};
/* End PBXGroup section */

/* Begin PBXNativeTarget section */
		F4A2CF97211FE9C0000B244A /* FacebookLoginDemo */ = {
			isa = PBXNativeTarget;
			buildConfigurationList = F4A2CFAA211FE9C1000B244A /* Build configuration list for PBXNativeTarget "FacebookLoginDemo" */;
			buildPhases = (
				E2DD609322ECF38B6C300AC8 /* [CP] Check Pods Manifest.lock */,
				F4A2CF94211FE9C0000B244A /* Sources */,
				F4A2CF95211FE9C0000B244A /* Frameworks */,
				F4A2CF96211FE9C0000B244A /* Resources */,
				73A768761E89BEFA3E5EB0EF /* [CP] Embed Pods Frameworks */,
				F77487E79282C1B1AA7792FE /* [CP] Copy Pods Resources */,
			);
			buildRules = (
			);
			dependencies = (
			);
			name = FacebookLoginDemo;
			productName = FacebookLoginDemo;
			productReference = F4A2CF98211FE9C0000B244A /* FacebookLoginDemo.app */;
			productType = "com.apple.product-type.application";
		};
/* End PBXNativeTarget section */

/* Begin PBXProject section */
		F4A2CF90211FE9C0000B244A /* Project object */ = {
			isa = PBXProject;
			attributes = {
				LastSwiftUpdateCheck = 0930;
				LastUpgradeCheck = 0930;
				ORGANIZATIONNAME = "Thanh Quach";
				TargetAttributes = {
					F4A2CF97211FE9C0000B244A = {
						CreatedOnToolsVersion = 9.3;
					};
				};
			};
			buildConfigurationList = F4A2CF93211FE9C0000B244A /* Build configuration list for PBXProject "FacebookLoginDemo" */;
			compatibilityVersion = "Xcode 9.3";
			developmentRegion = en;
			hasScannedForEncodings = 0;
			knownRegions = (
				en,
				Base,
			);
			mainGroup = F4A2CF8F211FE9C0000B244A;
			productRefGroup = F4A2CF99211FE9C0000B244A /* Products */;
			projectDirPath = "";
			projectRoot = "";
			targets = (
				F4A2CF97211FE9C0000B244A /* FacebookLoginDemo */,
			);
		};
/* End PBXProject section */

/* Begin PBXResourcesBuildPhase section */
		F4A2CF96211FE9C0000B244A /* Resources */ = {
			isa = PBXResourcesBuildPhase;
			buildActionMask = 2147483647;
			files = (
				F4A2CFA6211FE9C1000B244A /* LaunchScreen.storyboard in Resources */,
				F4A2CFA3211FE9C1000B244A /* Assets.xcassets in Resources */,
				F4A2CFA1211FE9C0000B244A /* Main.storyboard in Resources */,
			);
			runOnlyForDeploymentPostprocessing = 0;
		};
/* End PBXResourcesBuildPhase section */

/* Begin PBXShellScriptBuildPhase section */
		73A768761E89BEFA3E5EB0EF /* [CP] Embed Pods Frameworks */ = {
			isa = PBXShellScriptBuildPhase;
			buildActionMask = 2147483647;
			files = (
			);
			inputPaths = (
				"${SRCROOT}/Pods/Target Support Files/Pods-FacebookLoginDemo/Pods-FacebookLoginDemo-frameworks.sh",
				"${BUILT_PRODUCTS_DIR}/Bolts/Bolts.framework",
				"${BUILT_PRODUCTS_DIR}/FBSDKCoreKit/FBSDKCoreKit.framework",
				"${BUILT_PRODUCTS_DIR}/FBSDKLoginKit/FBSDKLoginKit.framework",
				"${BUILT_PRODUCTS_DIR}/GTMOAuth2/GTMOAuth2.framework",
				"${BUILT_PRODUCTS_DIR}/GTMSessionFetcher/GTMSessionFetcher.framework",
				"${BUILT_PRODUCTS_DIR}/GoogleToolboxForMac/GoogleToolboxForMac.framework",
			);
			name = "[CP] Embed Pods Frameworks";
			outputPaths = (
				"${TARGET_BUILD_DIR}/${FRAMEWORKS_FOLDER_PATH}/Bolts.framework",
				"${TARGET_BUILD_DIR}/${FRAMEWORKS_FOLDER_PATH}/FBSDKCoreKit.framework",
				"${TARGET_BUILD_DIR}/${FRAMEWORKS_FOLDER_PATH}/FBSDKLoginKit.framework",
				"${TARGET_BUILD_DIR}/${FRAMEWORKS_FOLDER_PATH}/GTMOAuth2.framework",
				"${TARGET_BUILD_DIR}/${FRAMEWORKS_FOLDER_PATH}/GTMSessionFetcher.framework",
				"${TARGET_BUILD_DIR}/${FRAMEWORKS_FOLDER_PATH}/GoogleToolboxForMac.framework",
			);
			runOnlyForDeploymentPostprocessing = 0;
			shellPath = /bin/sh;
			shellScript = "\"${SRCROOT}/Pods/Target Support Files/Pods-FacebookLoginDemo/Pods-FacebookLoginDemo-frameworks.sh\"\n";
			showEnvVarsInLog = 0;
		};
		E2DD609322ECF38B6C300AC8 /* [CP] Check Pods Manifest.lock */ = {
			isa = PBXShellScriptBuildPhase;
			buildActionMask = 2147483647;
			files = (
			);
			inputPaths = (
				"${PODS_PODFILE_DIR_PATH}/Podfile.lock",
				"${PODS_ROOT}/Manifest.lock",
			);
			name = "[CP] Check Pods Manifest.lock";
			outputPaths = (
				"$(DERIVED_FILE_DIR)/Pods-FacebookLoginDemo-checkManifestLockResult.txt",
			);
			runOnlyForDeploymentPostprocessing = 0;
			shellPath = /bin/sh;
			shellScript = "diff \"${PODS_PODFILE_DIR_PATH}/Podfile.lock\" \"${PODS_ROOT}/Manifest.lock\" > /dev/null\nif [ $? != 0 ] ; then\n    # print error to STDERR\n    echo \"error: The sandbox is not in sync with the Podfile.lock. Run 'pod install' or update your CocoaPods installation.\" >&2\n    exit 1\nfi\n# This output is used by Xcode 'outputs' to avoid re-running this script phase.\necho \"SUCCESS\" > \"${SCRIPT_OUTPUT_FILE_0}\"\n";
			showEnvVarsInLog = 0;
		};
		F77487E79282C1B1AA7792FE /* [CP] Copy Pods Resources */ = {
			isa = PBXShellScriptBuildPhase;
			buildActionMask = 2147483647;
			files = (
			);
			inputPaths = (
				"${SRCROOT}/Pods/Target Support Files/Pods-FacebookLoginDemo/Pods-FacebookLoginDemo-resources.sh",
				"${PODS_ROOT}/GoogleSignIn/Resources/GoogleSignIn.bundle",
			);
			name = "[CP] Copy Pods Resources";
			outputPaths = (
				"${TARGET_BUILD_DIR}/${UNLOCALIZED_RESOURCES_FOLDER_PATH}/GoogleSignIn.bundle",
			);
			runOnlyForDeploymentPostprocessing = 0;
			shellPath = /bin/sh;
			shellScript = "\"${SRCROOT}/Pods/Target Support Files/Pods-FacebookLoginDemo/Pods-FacebookLoginDemo-resources.sh\"\n";
			showEnvVarsInLog = 0;
		};
/* End PBXShellScriptBuildPhase section */

/* Begin PBXSourcesBuildPhase section */
		F4A2CF94211FE9C0000B244A /* Sources */ = {
			isa = PBXSourcesBuildPhase;
			buildActionMask = 2147483647;
			files = (
				F4A2CF9E211FE9C0000B244A /* ViewController.swift in Sources */,
				F4A2CF9C211FE9C0000B244A /* AppDelegate.swift in Sources */,
			);
			runOnlyForDeploymentPostprocessing = 0;
		};
/* End PBXSourcesBuildPhase section */

/* Begin PBXVariantGroup section */
		F4A2CF9F211FE9C0000B244A /* Main.storyboard */ = {
			isa = PBXVariantGroup;
			children = (
				F4A2CFA0211FE9C0000B244A /* Base */,
			);
			name = Main.storyboard;
			sourceTree = "<group>";
		};
		F4A2CFA4211FE9C1000B244A /* LaunchScreen.storyboard */ = {
			isa = PBXVariantGroup;
			children = (
				F4A2CFA5211FE9C1000B244A /* Base */,
			);
			name = LaunchScreen.storyboard;
			sourceTree = "<group>";
		};
/* End PBXVariantGroup section */

/* Begin XCBuildConfiguration section */
		F4A2CFA8211FE9C1000B244A /* Debug */ = {
			isa = XCBuildConfiguration;
			buildSettings = {
				ALWAYS_SEARCH_USER_PATHS = NO;
				CLANG_ANALYZER_NONNULL = YES;
				CLANG_ANALYZER_NUMBER_OBJECT_CONVERSION = YES_AGGRESSIVE;
				CLANG_CXX_LANGUAGE_STANDARD = "gnu++14";
				CLANG_CXX_LIBRARY = "libc++";
				CLANG_ENABLE_MODULES = YES;
				CLANG_ENABLE_OBJC_ARC = YES;
				CLANG_ENABLE_OBJC_WEAK = YES;
				CLANG_WARN_BLOCK_CAPTURE_AUTORELEASING = YES;
				CLANG_WARN_BOOL_CONVERSION = YES;
				CLANG_WARN_COMMA = YES;
				CLANG_WARN_CONSTANT_CONVERSION = YES;
				CLANG_WARN_DEPRECATED_OBJC_IMPLEMENTATIONS = YES;
				CLANG_WARN_DIRECT_OBJC_ISA_USAGE = YES_ERROR;
				CLANG_WARN_DOCUMENTATION_COMMENTS = YES;
				CLANG_WARN_EMPTY_BODY = YES;
				CLANG_WARN_ENUM_CONVERSION = YES;
				CLANG_WARN_INFINITE_RECURSION = YES;
				CLANG_WARN_INT_CONVERSION = YES;
				CLANG_WARN_NON_LITERAL_NULL_CONVERSION = YES;
				CLANG_WARN_OBJC_IMPLICIT_RETAIN_SELF = YES;
				CLANG_WARN_OBJC_LITERAL_CONVERSION = YES;
				CLANG_WARN_OBJC_ROOT_CLASS = YES_ERROR;
				CLANG_WARN_RANGE_LOOP_ANALYSIS = YES;
				CLANG_WARN_STRICT_PROTOTYPES = YES;
				CLANG_WARN_SUSPICIOUS_MOVE = YES;
				CLANG_WARN_UNGUARDED_AVAILABILITY = YES_AGGRESSIVE;
				CLANG_WARN_UNREACHABLE_CODE = YES;
				CLANG_WARN__DUPLICATE_METHOD_MATCH = YES;
				CODE_SIGN_IDENTITY = "iPhone Developer";
				COPY_PHASE_STRIP = NO;
				DEBUG_INFORMATION_FORMAT = dwarf;
				ENABLE_STRICT_OBJC_MSGSEND = YES;
				ENABLE_TESTABILITY = YES;
				GCC_C_LANGUAGE_STANDARD = gnu11;
				GCC_DYNAMIC_NO_PIC = NO;
				GCC_NO_COMMON_BLOCKS = YES;
				GCC_OPTIMIZATION_LEVEL = 0;
				GCC_PREPROCESSOR_DEFINITIONS = (
					"DEBUG=1",
					"$(inherited)",
				);
				GCC_WARN_64_TO_32_BIT_CONVERSION = YES;
				GCC_WARN_ABOUT_RETURN_TYPE = YES_ERROR;
				GCC_WARN_UNDECLARED_SELECTOR = YES;
				GCC_WARN_UNINITIALIZED_AUTOS = YES_AGGRESSIVE;
				GCC_WARN_UNUSED_FUNCTION = YES;
				GCC_WARN_UNUSED_VARIABLE = YES;
				IPHONEOS_DEPLOYMENT_TARGET = 11.3;
				MTL_ENABLE_DEBUG_INFO = YES;
				ONLY_ACTIVE_ARCH = YES;
				SDKROOT = iphoneos;
				SWIFT_ACTIVE_COMPILATION_CONDITIONS = DEBUG;
				SWIFT_OPTIMIZATION_LEVEL = "-Onone";
			};
			name = Debug;
		};
		F4A2CFA9211FE9C1000B244A /* Release */ = {
			isa = XCBuildConfiguration;
			buildSettings = {
				ALWAYS_SEARCH_USER_PATHS = NO;
				CLANG_ANALYZER_NONNULL = YES;
				CLANG_ANALYZER_NUMBER_OBJECT_CONVERSION = YES_AGGRESSIVE;
				CLANG_CXX_LANGUAGE_STANDARD = "gnu++14";
				CLANG_CXX_LIBRARY = "libc++";
				CLANG_ENABLE_MODULES = YES;
				CLANG_ENABLE_OBJC_ARC = YES;
				CLANG_ENABLE_OBJC_WEAK = YES;
				CLANG_WARN_BLOCK_CAPTURE_AUTORELEASING = YES;
				CLANG_WARN_BOOL_CONVERSION = YES;
				CLANG_WARN_COMMA = YES;
				CLANG_WARN_CONSTANT_CONVERSION = YES;
				CLANG_WARN_DEPRECATED_OBJC_IMPLEMENTATIONS = YES;
				CLANG_WARN_DIRECT_OBJC_ISA_USAGE = YES_ERROR;
				CLANG_WARN_DOCUMENTATION_COMMENTS = YES;
				CLANG_WARN_EMPTY_BODY = YES;
				CLANG_WARN_ENUM_CONVERSION = YES;
				CLANG_WARN_INFINITE_RECURSION = YES;
				CLANG_WARN_INT_CONVERSION = YES;
				CLANG_WARN_NON_LITERAL_NULL_CONVERSION = YES;
				CLANG_WARN_OBJC_IMPLICIT_RETAIN_SELF = YES;
				CLANG_WARN_OBJC_LITERAL_CONVERSION = YES;
				CLANG_WARN_OBJC_ROOT_CLASS = YES_ERROR;
				CLANG_WARN_RANGE_LOOP_ANALYSIS = YES;
				CLANG_WARN_STRICT_PROTOTYPES = YES;
				CLANG_WARN_SUSPICIOUS_MOVE = YES;
				CLANG_WARN_UNGUARDED_AVAILABILITY = YES_AGGRESSIVE;
				CLANG_WARN_UNREACHABLE_CODE = YES;
				CLANG_WARN__DUPLICATE_METHOD_MATCH = YES;
				CODE_SIGN_IDENTITY = "iPhone Developer";
				COPY_PHASE_STRIP = NO;
				DEBUG_INFORMATION_FORMAT = "dwarf-with-dsym";
				ENABLE_NS_ASSERTIONS = NO;
				ENABLE_STRICT_OBJC_MSGSEND = YES;
				GCC_C_LANGUAGE_STANDARD = gnu11;
				GCC_NO_COMMON_BLOCKS = YES;
				GCC_WARN_64_TO_32_BIT_CONVERSION = YES;
				GCC_WARN_ABOUT_RETURN_TYPE = YES_ERROR;
				GCC_WARN_UNDECLARED_SELECTOR = YES;
				GCC_WARN_UNINITIALIZED_AUTOS = YES_AGGRESSIVE;
				GCC_WARN_UNUSED_FUNCTION = YES;
				GCC_WARN_UNUSED_VARIABLE = YES;
				IPHONEOS_DEPLOYMENT_TARGET = 11.3;
				MTL_ENABLE_DEBUG_INFO = NO;
				SDKROOT = iphoneos;
				SWIFT_COMPILATION_MODE = wholemodule;
				SWIFT_OPTIMIZATION_LEVEL = "-O";
				VALIDATE_PRODUCT = YES;
			};
			name = Release;
		};
		F4A2CFAB211FE9C1000B244A /* Debug */ = {
			isa = XCBuildConfiguration;
			baseConfigurationReference = FC0A365BB10D5C8F0948BBE7 /* Pods-FacebookLoginDemo.debug.xcconfig */;
			buildSettings = {
				ASSETCATALOG_COMPILER_APPICON_NAME = AppIcon;
				CODE_SIGN_STYLE = Automatic;
				DEVELOPMENT_TEAM = G9SCST232W;
				INFOPLIST_FILE = FacebookLoginDemo/Info.plist;
				LD_RUNPATH_SEARCH_PATHS = (
					"$(inherited)",
					"@executable_path/Frameworks",
				);
				PRODUCT_BUNDLE_IDENTIFIER = com.laptrinhios.FacebookLoginDemo;
				PRODUCT_NAME = "$(TARGET_NAME)";
				SWIFT_VERSION = 4.0;
				TARGETED_DEVICE_FAMILY = "1,2";
			};
			name = Debug;
		};
		F4A2CFAC211FE9C1000B244A /* Release */ = {
			isa = XCBuildConfiguration;
			baseConfigurationReference = A3EE416BAD9BA7FF3529C018 /* Pods-FacebookLoginDemo.release.xcconfig */;
			buildSettings = {
				ASSETCATALOG_COMPILER_APPICON_NAME = AppIcon;
				CODE_SIGN_STYLE = Automatic;
				DEVELOPMENT_TEAM = G9SCST232W;
				INFOPLIST_FILE = FacebookLoginDemo/Info.plist;
				LD_RUNPATH_SEARCH_PATHS = (
					"$(inherited)",
					"@executable_path/Frameworks",
				);
				PRODUCT_BUNDLE_IDENTIFIER = com.laptrinhios.FacebookLoginDemo;
				PRODUCT_NAME = "$(TARGET_NAME)";
				SWIFT_VERSION = 4.0;
				TARGETED_DEVICE_FAMILY = "1,2";
			};
			name = Release;
		};
/* End XCBuildConfiguration section */

/* Begin XCConfigurationList section */
		F4A2CF93211FE9C0000B244A /* Build configuration list for PBXProject "FacebookLoginDemo" */ = {
			isa = XCConfigurationList;
			buildConfigurations = (
				F4A2CFA8211FE9C1000B244A /* Debug */,
				F4A2CFA9211FE9C1000B244A /* Release */,
			);
			defaultConfigurationIsVisible = 0;
			defaultConfigurationName = Release;
		};
		F4A2CFAA211FE9C1000B244A /* Build configuration list for PBXNativeTarget "FacebookLoginDemo" */ = {
			isa = XCConfigurationList;
			buildConfigurations = (
				F4A2CFAB211FE9C1000B244A /* Debug */,
				F4A2CFAC211FE9C1000B244A /* Release */,
			);
			defaultConfigurationIsVisible = 0;
			defaultConfigurationName = Release;
		};
/* End XCConfigurationList section */
	};
	rootObject = F4A2CF90211FE9C0000B244A /* Project object */;
}
