// !$*UTF8*$!
{
	archiveVersion = 1;
	classes = {
	};
	objectVersion = 50;
	objects = {

/* Begin PBXBuildFile section */
		4DBAE50582A0E05F77AA707F /* Pods_ContactApp.framework in Frameworks */ = {isa = PBXBuildFile; fileRef = DC43ECAE3F400B7727091A05 /* Pods_ContactApp.framework */; };
		F4EF4139211E769B000F4784 /* AppDelegate.swift in Sources */ = {isa = PBXBuildFile; fileRef = F4EF4138211E769B000F4784 /* AppDelegate.swift */; };
		F4EF4140211E769E000F4784 /* Assets.xcassets in Resources */ = {isa = PBXBuildFile; fileRef = F4EF413F211E769E000F4784 /* Assets.xcassets */; };
		F4EF4143211E769E000F4784 /* LaunchScreen.storyboard in Resources */ = {isa = PBXBuildFile; fileRef = F4EF4141211E769E000F4784 /* LaunchScreen.storyboard */; };
		F4EF414B211E79FF000F4784 /* ContactListViewController.swift in Sources */ = {isa = PBXBuildFile; fileRef = F4EF414A211E79FF000F4784 /* ContactListViewController.swift */; };
		F4EF414D211E7B4E000F4784 /* ContactDetailViewController.swift in Sources */ = {isa = PBXBuildFile; fileRef = F4EF414C211E7B4E000F4784 /* ContactDetailViewController.swift */; };
		F4EF414F211E81C1000F4784 /* ContactTableViewCell.swift in Sources */ = {isa = PBXBuildFile; fileRef = F4EF414E211E81C1000F4784 /* ContactTableViewCell.swift */; };
		F4EF4151211E8AF0000F4784 /* PhoneTableViewCell.swift in Sources */ = {isa = PBXBuildFile; fileRef = F4EF4150211E8AF0000F4784 /* PhoneTableViewCell.swift */; };
/* End PBXBuildFile section */

/* Begin PBXFileReference section */
		2925217F50C8E327271C8E98 /* Pods-ContactApp.release.xcconfig */ = {isa = PBXFileReference; includeInIndex = 1; lastKnownFileType = text.xcconfig; name = "Pods-ContactApp.release.xcconfig"; path = "Pods/Target Support Files/Pods-ContactApp/Pods-ContactApp.release.xcconfig"; sourceTree = "<group>"; };
		D52390E87C9BF7EB91410183 /* Pods-ContactApp.debug.xcconfig */ = {isa = PBXFileReference; includeInIndex = 1; lastKnownFileType = text.xcconfig; name = "Pods-ContactApp.debug.xcconfig"; path = "Pods/Target Support Files/Pods-ContactApp/Pods-ContactApp.debug.xcconfig"; sourceTree = "<group>"; };
		DC43ECAE3F400B7727091A05 /* Pods_ContactApp.framework */ = {isa = PBXFileReference; explicitFileType = wrapper.framework; includeInIndex = 0; path = Pods_ContactApp.framework; sourceTree = BUILT_PRODUCTS_DIR; };
		F4EF4135211E769B000F4784 /* ContactApp.app */ = {isa = PBXFileReference; explicitFileType = wrapper.application; includeInIndex = 0; path = ContactApp.app; sourceTree = BUILT_PRODUCTS_DIR; };
		F4EF4138211E769B000F4784 /* AppDelegate.swift */ = {isa = PBXFileReference; lastKnownFileType = sourcecode.swift; path = AppDelegate.swift; sourceTree = "<group>"; };
		F4EF413F211E769E000F4784 /* Assets.xcassets */ = {isa = PBXFileReference; lastKnownFileType = folder.assetcatalog; path = Assets.xcassets; sourceTree = "<group>"; };
		F4EF4142211E769E000F4784 /* Base */ = {isa = PBXFileReference; lastKnownFileType = file.storyboard; name = Base; path = Base.lproj/LaunchScreen.storyboard; sourceTree = "<group>"; };
		F4EF4144211E769E000F4784 /* Info.plist */ = {isa = PBXFileReference; lastKnownFileType = text.plist.xml; path = Info.plist; sourceTree = "<group>"; };
		F4EF414A211E79FF000F4784 /* ContactListViewController.swift */ = {isa = PBXFileReference; lastKnownFileType = sourcecode.swift; path = ContactListViewController.swift; sourceTree = "<group>"; };
		F4EF414C211E7B4E000F4784 /* ContactDetailViewController.swift */ = {isa = PBXFileReference; lastKnownFileType = sourcecode.swift; path = ContactDetailViewController.swift; sourceTree = "<group>"; };
		F4EF414E211E81C1000F4784 /* ContactTableViewCell.swift */ = {isa = PBXFileReference; lastKnownFileType = sourcecode.swift; path = ContactTableViewCell.swift; sourceTree = "<group>"; };
		F4EF4150211E8AF0000F4784 /* PhoneTableViewCell.swift */ = {isa = PBXFileReference; lastKnownFileType = sourcecode.swift; path = PhoneTableViewCell.swift; sourceTree = "<group>"; };
/* End PBXFileReference section */

/* Begin PBXFrameworksBuildPhase section */
		F4EF4132211E769B000F4784 /* Frameworks */ = {
			isa = PBXFrameworksBuildPhase;
			buildActionMask = 2147483647;
			files = (
				4DBAE50582A0E05F77AA707F /* Pods_ContactApp.framework in Frameworks */,
			);
			runOnlyForDeploymentPostprocessing = 0;
		};
/* End PBXFrameworksBuildPhase section */

/* Begin PBXGroup section */
		11BEF7023DCBF028CE9DE3B1 /* Frameworks */ = {
			isa = PBXGroup;
			children = (
				DC43ECAE3F400B7727091A05 /* Pods_ContactApp.framework */,
			);
			name = Frameworks;
			sourceTree = "<group>";
		};
		3F72701401CC94676D7017E3 /* Pods */ = {
			isa = PBXGroup;
			children = (
				D52390E87C9BF7EB91410183 /* Pods-ContactApp.debug.xcconfig */,
				2925217F50C8E327271C8E98 /* Pods-ContactApp.release.xcconfig */,
			);
			name = Pods;
			sourceTree = "<group>";
		};
		F4EF412C211E769A000F4784 = {
			isa = PBXGroup;
			children = (
				F4EF4137211E769B000F4784 /* ContactApp */,
				F4EF4136211E769B000F4784 /* Products */,
				3F72701401CC94676D7017E3 /* Pods */,
				11BEF7023DCBF028CE9DE3B1 /* Frameworks */,
			);
			sourceTree = "<group>";
		};
		F4EF4136211E769B000F4784 /* Products */ = {
			isa = PBXGroup;
			children = (
				F4EF4135211E769B000F4784 /* ContactApp.app */,
			);
			name = Products;
			sourceTree = "<group>";
		};
		F4EF4137211E769B000F4784 /* ContactApp */ = {
			isa = PBXGroup;
			children = (
				F4EF4138211E769B000F4784 /* AppDelegate.swift */,
				F4EF413F211E769E000F4784 /* Assets.xcassets */,
				F4EF4141211E769E000F4784 /* LaunchScreen.storyboard */,
				F4EF4144211E769E000F4784 /* Info.plist */,
				F4EF414A211E79FF000F4784 /* ContactListViewController.swift */,
				F4EF414C211E7B4E000F4784 /* ContactDetailViewController.swift */,
				F4EF414E211E81C1000F4784 /* ContactTableViewCell.swift */,
				F4EF4150211E8AF0000F4784 /* PhoneTableViewCell.swift */,
			);
			path = ContactApp;
			sourceTree = "<group>";
		};
/* End PBXGroup section */

/* Begin PBXNativeTarget section */
		F4EF4134211E769B000F4784 /* ContactApp */ = {
			isa = PBXNativeTarget;
			buildConfigurationList = F4EF4147211E769E000F4784 /* Build configuration list for PBXNativeTarget "ContactApp" */;
			buildPhases = (
				533F58F53ED0BBABA296FFC5 /* [CP] Check Pods Manifest.lock */,
				F4EF4131211E769B000F4784 /* Sources */,
				F4EF4132211E769B000F4784 /* Frameworks */,
				F4EF4133211E769B000F4784 /* Resources */,
				761608D9E36555A5FA3C32BB /* [CP] Embed Pods Frameworks */,
			);
			buildRules = (
			);
			dependencies = (
			);
			name = ContactApp;
			productName = ContactApp;
			productReference = F4EF4135211E769B000F4784 /* ContactApp.app */;
			productType = "com.apple.product-type.application";
		};
/* End PBXNativeTarget section */

/* Begin PBXProject section */
		F4EF412D211E769A000F4784 /* Project object */ = {
			isa = PBXProject;
			attributes = {
				LastSwiftUpdateCheck = 0930;
				LastUpgradeCheck = 0930;
				ORGANIZATIONNAME = "Thanh Quach";
				TargetAttributes = {
					F4EF4134211E769B000F4784 = {
						CreatedOnToolsVersion = 9.3;
					};
				};
			};
			buildConfigurationList = F4EF4130211E769A000F4784 /* Build configuration list for PBXProject "ContactApp" */;
			compatibilityVersion = "Xcode 9.3";
			developmentRegion = en;
			hasScannedForEncodings = 0;
			knownRegions = (
				en,
				Base,
			);
			mainGroup = F4EF412C211E769A000F4784;
			productRefGroup = F4EF4136211E769B000F4784 /* Products */;
			projectDirPath = "";
			projectRoot = "";
			targets = (
				F4EF4134211E769B000F4784 /* ContactApp */,
			);
		};
/* End PBXProject section */

/* Begin PBXResourcesBuildPhase section */
		F4EF4133211E769B000F4784 /* Resources */ = {
			isa = PBXResourcesBuildPhase;
			buildActionMask = 2147483647;
			files = (
				F4EF4143211E769E000F4784 /* LaunchScreen.storyboard in Resources */,
				F4EF4140211E769E000F4784 /* Assets.xcassets in Resources */,
			);
			runOnlyForDeploymentPostprocessing = 0;
		};
/* End PBXResourcesBuildPhase section */

/* Begin PBXShellScriptBuildPhase section */
		533F58F53ED0BBABA296FFC5 /* [CP] Check Pods Manifest.lock */ = {
			isa = PBXShellScriptBuildPhase;
			buildActionMask = 2147483647;
			files = (
			);
			inputPaths = (
				"${PODS_PODFILE_DIR_PATH}/Podfile.lock",
				"${PODS_ROOT}/Manifest.lock",
			);
			name = "[CP] Check Pods Manifest.lock";
			outputPaths = (
				"$(DERIVED_FILE_DIR)/Pods-ContactApp-checkManifestLockResult.txt",
			);
			runOnlyForDeploymentPostprocessing = 0;
			shellPath = /bin/sh;
			shellScript = "diff \"${PODS_PODFILE_DIR_PATH}/Podfile.lock\" \"${PODS_ROOT}/Manifest.lock\" > /dev/null\nif [ $? != 0 ] ; then\n    # print error to STDERR\n    echo \"error: The sandbox is not in sync with the Podfile.lock. Run 'pod install' or update your CocoaPods installation.\" >&2\n    exit 1\nfi\n# This output is used by Xcode 'outputs' to avoid re-running this script phase.\necho \"SUCCESS\" > \"${SCRIPT_OUTPUT_FILE_0}\"\n";
			showEnvVarsInLog = 0;
		};
		761608D9E36555A5FA3C32BB /* [CP] Embed Pods Frameworks */ = {
			isa = PBXShellScriptBuildPhase;
			buildActionMask = 2147483647;
			files = (
			);
			inputPaths = (
				"${SRCROOT}/Pods/Target Support Files/Pods-ContactApp/Pods-ContactApp-frameworks.sh",
				"${BUILT_PRODUCTS_DIR}/ESPullToRefresh/ESPullToRefresh.framework",
				"${BUILT_PRODUCTS_DIR}/SVProgressHUD/SVProgressHUD.framework",
				"${BUILT_PRODUCTS_DIR}/SnapKit/SnapKit.framework",
				"${BUILT_PRODUCTS_DIR}/SwiftyContacts/SwiftyContacts.framework",
			);
			name = "[CP] Embed Pods Frameworks";
			outputPaths = (
				"${TARGET_BUILD_DIR}/${FRAMEWORKS_FOLDER_PATH}/ESPullToRefresh.framework",
				"${TARGET_BUILD_DIR}/${FRAMEWORKS_FOLDER_PATH}/SVProgressHUD.framework",
				"${TARGET_BUILD_DIR}/${FRAMEWORKS_FOLDER_PATH}/SnapKit.framework",
				"${TARGET_BUILD_DIR}/${FRAMEWORKS_FOLDER_PATH}/SwiftyContacts.framework",
			);
			runOnlyForDeploymentPostprocessing = 0;
			shellPath = /bin/sh;
			shellScript = "\"${SRCROOT}/Pods/Target Support Files/Pods-ContactApp/Pods-ContactApp-frameworks.sh\"\n";
			showEnvVarsInLog = 0;
		};
/* End PBXShellScriptBuildPhase section */

/* Begin PBXSourcesBuildPhase section */
		F4EF4131211E769B000F4784 /* Sources */ = {
			isa = PBXSourcesBuildPhase;
			buildActionMask = 2147483647;
			files = (
				F4EF414F211E81C1000F4784 /* ContactTableViewCell.swift in Sources */,
				F4EF4139211E769B000F4784 /* AppDelegate.swift in Sources */,
				F4EF414D211E7B4E000F4784 /* ContactDetailViewController.swift in Sources */,
				F4EF414B211E79FF000F4784 /* ContactListViewController.swift in Sources */,
				F4EF4151211E8AF0000F4784 /* PhoneTableViewCell.swift in Sources */,
			);
			runOnlyForDeploymentPostprocessing = 0;
		};
/* End PBXSourcesBuildPhase section */

/* Begin PBXVariantGroup section */
		F4EF4141211E769E000F4784 /* LaunchScreen.storyboard */ = {
			isa = PBXVariantGroup;
			children = (
				F4EF4142211E769E000F4784 /* Base */,
			);
			name = LaunchScreen.storyboard;
			sourceTree = "<group>";
		};
/* End PBXVariantGroup section */

/* Begin XCBuildConfiguration section */
		F4EF4145211E769E000F4784 /* Debug */ = {
			isa = XCBuildConfiguration;
			buildSettings = {
				ALWAYS_SEARCH_USER_PATHS = NO;
				CLANG_ANALYZER_NONNULL = YES;
				CLANG_ANALYZER_NUMBER_OBJECT_CONVERSION = YES_AGGRESSIVE;
				CLANG_CXX_LANGUAGE_STANDARD = "gnu++14";
				CLANG_CXX_LIBRARY = "libc++";
				CLANG_ENABLE_MODULES = YES;
				CLANG_ENABLE_OBJC_ARC = YES;
				CLANG_ENABLE_OBJC_WEAK = YES;
				CLANG_WARN_BLOCK_CAPTURE_AUTORELEASING = YES;
				CLANG_WARN_BOOL_CONVERSION = YES;
				CLANG_WARN_COMMA = YES;
				CLANG_WARN_CONSTANT_CONVERSION = YES;
				CLANG_WARN_DEPRECATED_OBJC_IMPLEMENTATIONS = YES;
				CLANG_WARN_DIRECT_OBJC_ISA_USAGE = YES_ERROR;
				CLANG_WARN_DOCUMENTATION_COMMENTS = YES;
				CLANG_WARN_EMPTY_BODY = YES;
				CLANG_WARN_ENUM_CONVERSION = YES;
				CLANG_WARN_INFINITE_RECURSION = YES;
				CLANG_WARN_INT_CONVERSION = YES;
				CLANG_WARN_NON_LITERAL_NULL_CONVERSION = YES;
				CLANG_WARN_OBJC_IMPLICIT_RETAIN_SELF = YES;
				CLANG_WARN_OBJC_LITERAL_CONVERSION = YES;
				CLANG_WARN_OBJC_ROOT_CLASS = YES_ERROR;
				CLANG_WARN_RANGE_LOOP_ANALYSIS = YES;
				CLANG_WARN_STRICT_PROTOTYPES = YES;
				CLANG_WARN_SUSPICIOUS_MOVE = YES;
				CLANG_WARN_UNGUARDED_AVAILABILITY = YES_AGGRESSIVE;
				CLANG_WARN_UNREACHABLE_CODE = YES;
				CLANG_WARN__DUPLICATE_METHOD_MATCH = YES;
				CODE_SIGN_IDENTITY = "iPhone Developer";
				COPY_PHASE_STRIP = NO;
				DEBUG_INFORMATION_FORMAT = dwarf;
				ENABLE_STRICT_OBJC_MSGSEND = YES;
				ENABLE_TESTABILITY = YES;
				GCC_C_LANGUAGE_STANDARD = gnu11;
				GCC_DYNAMIC_NO_PIC = NO;
				GCC_NO_COMMON_BLOCKS = YES;
				GCC_OPTIMIZATION_LEVEL = 0;
				GCC_PREPROCESSOR_DEFINITIONS = (
					"DEBUG=1",
					"$(inherited)",
				);
				GCC_WARN_64_TO_32_BIT_CONVERSION = YES;
				GCC_WARN_ABOUT_RETURN_TYPE = YES_ERROR;
				GCC_WARN_UNDECLARED_SELECTOR = YES;
				GCC_WARN_UNINITIALIZED_AUTOS = YES_AGGRESSIVE;
				GCC_WARN_UNUSED_FUNCTION = YES;
				GCC_WARN_UNUSED_VARIABLE = YES;
				IPHONEOS_DEPLOYMENT_TARGET = 11.3;
				MTL_ENABLE_DEBUG_INFO = YES;
				ONLY_ACTIVE_ARCH = YES;
				SDKROOT = iphoneos;
				SWIFT_ACTIVE_COMPILATION_CONDITIONS = DEBUG;
				SWIFT_OPTIMIZATION_LEVEL = "-Onone";
			};
			name = Debug;
		};
		F4EF4146211E769E000F4784 /* Release */ = {
			isa = XCBuildConfiguration;
			buildSettings = {
				ALWAYS_SEARCH_USER_PATHS = NO;
				CLANG_ANALYZER_NONNULL = YES;
				CLANG_ANALYZER_NUMBER_OBJECT_CONVERSION = YES_AGGRESSIVE;
				CLANG_CXX_LANGUAGE_STANDARD = "gnu++14";
				CLANG_CXX_LIBRARY = "libc++";
				CLANG_ENABLE_MODULES = YES;
				CLANG_ENABLE_OBJC_ARC = YES;
				CLANG_ENABLE_OBJC_WEAK = YES;
				CLANG_WARN_BLOCK_CAPTURE_AUTORELEASING = YES;
				CLANG_WARN_BOOL_CONVERSION = YES;
				CLANG_WARN_COMMA = YES;
				CLANG_WARN_CONSTANT_CONVERSION = YES;
				CLANG_WARN_DEPRECATED_OBJC_IMPLEMENTATIONS = YES;
				CLANG_WARN_DIRECT_OBJC_ISA_USAGE = YES_ERROR;
				CLANG_WARN_DOCUMENTATION_COMMENTS = YES;
				CLANG_WARN_EMPTY_BODY = YES;
				CLANG_WARN_ENUM_CONVERSION = YES;
				CLANG_WARN_INFINITE_RECURSION = YES;
				CLANG_WARN_INT_CONVERSION = YES;
				CLANG_WARN_NON_LITERAL_NULL_CONVERSION = YES;
				CLANG_WARN_OBJC_IMPLICIT_RETAIN_SELF = YES;
				CLANG_WARN_OBJC_LITERAL_CONVERSION = YES;
				CLANG_WARN_OBJC_ROOT_CLASS = YES_ERROR;
				CLANG_WARN_RANGE_LOOP_ANALYSIS = YES;
				CLANG_WARN_STRICT_PROTOTYPES = YES;
				CLANG_WARN_SUSPICIOUS_MOVE = YES;
				CLANG_WARN_UNGUARDED_AVAILABILITY = YES_AGGRESSIVE;
				CLANG_WARN_UNREACHABLE_CODE = YES;
				CLANG_WARN__DUPLICATE_METHOD_MATCH = YES;
				CODE_SIGN_IDENTITY = "iPhone Developer";
				COPY_PHASE_STRIP = NO;
				DEBUG_INFORMATION_FORMAT = "dwarf-with-dsym";
				ENABLE_NS_ASSERTIONS = NO;
				ENABLE_STRICT_OBJC_MSGSEND = YES;
				GCC_C_LANGUAGE_STANDARD = gnu11;
				GCC_NO_COMMON_BLOCKS = YES;
				GCC_WARN_64_TO_32_BIT_CONVERSION = YES;
				GCC_WARN_ABOUT_RETURN_TYPE = YES_ERROR;
				GCC_WARN_UNDECLARED_SELECTOR = YES;
				GCC_WARN_UNINITIALIZED_AUTOS = YES_AGGRESSIVE;
				GCC_WARN_UNUSED_FUNCTION = YES;
				GCC_WARN_UNUSED_VARIABLE = YES;
				IPHONEOS_DEPLOYMENT_TARGET = 11.3;
				MTL_ENABLE_DEBUG_INFO = NO;
				SDKROOT = iphoneos;
				SWIFT_COMPILATION_MODE = wholemodule;
				SWIFT_OPTIMIZATION_LEVEL = "-O";
				VALIDATE_PRODUCT = YES;
			};
			name = Release;
		};
		F4EF4148211E769E000F4784 /* Debug */ = {
			isa = XCBuildConfiguration;
			baseConfigurationReference = D52390E87C9BF7EB91410183 /* Pods-ContactApp.debug.xcconfig */;
			buildSettings = {
				ASSETCATALOG_COMPILER_APPICON_NAME = AppIcon;
				CODE_SIGN_STYLE = Automatic;
				DEVELOPMENT_TEAM = G9SCST232W;
				INFOPLIST_FILE = ContactApp/Info.plist;
				IPHONEOS_DEPLOYMENT_TARGET = 9.1;
				LD_RUNPATH_SEARCH_PATHS = (
					"$(inherited)",
					"@executable_path/Frameworks",
				);
				PRODUCT_BUNDLE_IDENTIFIER = com.laptrinhios.ContactApp;
				PRODUCT_NAME = "$(TARGET_NAME)";
				SWIFT_VERSION = 4.0;
				TARGETED_DEVICE_FAMILY = "1,2";
			};
			name = Debug;
		};
		F4EF4149211E769E000F4784 /* Release */ = {
			isa = XCBuildConfiguration;
			baseConfigurationReference = 2925217F50C8E327271C8E98 /* Pods-ContactApp.release.xcconfig */;
			buildSettings = {
				ASSETCATALOG_COMPILER_APPICON_NAME = AppIcon;
				CODE_SIGN_STYLE = Automatic;
				DEVELOPMENT_TEAM = G9SCST232W;
				INFOPLIST_FILE = ContactApp/Info.plist;
				IPHONEOS_DEPLOYMENT_TARGET = 9.1;
				LD_RUNPATH_SEARCH_PATHS = (
					"$(inherited)",
					"@executable_path/Frameworks",
				);
				PRODUCT_BUNDLE_IDENTIFIER = com.laptrinhios.ContactApp;
				PRODUCT_NAME = "$(TARGET_NAME)";
				SWIFT_VERSION = 4.0;
				TARGETED_DEVICE_FAMILY = "1,2";
			};
			name = Release;
		};
/* End XCBuildConfiguration section */

/* Begin XCConfigurationList section */
		F4EF4130211E769A000F4784 /* Build configuration list for PBXProject "ContactApp" */ = {
			isa = XCConfigurationList;
			buildConfigurations = (
				F4EF4145211E769E000F4784 /* Debug */,
				F4EF4146211E769E000F4784 /* Release */,
			);
			defaultConfigurationIsVisible = 0;
			defaultConfigurationName = Release;
		};
		F4EF4147211E769E000F4784 /* Build configuration list for PBXNativeTarget "ContactApp" */ = {
			isa = XCConfigurationList;
			buildConfigurations = (
				F4EF4148211E769E000F4784 /* Debug */,
				F4EF4149211E769E000F4784 /* Release */,
			);
			defaultConfigurationIsVisible = 0;
			defaultConfigurationName = Release;
		};
/* End XCConfigurationList section */
	};
	rootObject = F4EF412D211E769A000F4784 /* Project object */;
}
